{
  "name": "Angular_CLI_BooksToRead",
  "version": "0.0.0",
  "lockfileVersion": 1,
  "requires": true,
  "dependencies": {
    "@angular-devkit/build-optimizer": {
      "version": "0.0.35",
      "resolved": "https://registry.npmjs.org/@angular-devkit/build-optimizer/-/build-optimizer-0.0.35.tgz",
      "integrity": "sha512-7JxZZAYFSCc0tP6+NrRn3b2Cd1b9d+a3+OfwVNyNsNd2unelqUMko2hm0KLbC8BXcXt/OILg1E/ZgLAXSS47nw==",
      "dev": true,
      "requires": {
        "loader-utils": "1.1.0",
        "source-map": "0.5.7",
        "typescript": "2.6.2",
        "webpack-sources": "1.1.0"
    },
    "dependencies": {
      "typescript": {
        "version": "2.6.2",
        "resolved": "https://registry.npmjs.org/typescript/-/typescript-2.6.2.tgz",
        "integrity": "sha1-PFtv1/beCRQmkCfwPAlGdY92c6Q=",
        "dev": true
      }      
    }
  },
  "@angular-devkit/core": {
    "version": "0.0.22",
    "resolved": "https://registry.npmjs.org/@angular-devkit/core/-/core-0.0.22.tgz",
    "integrity": "sha512-zxrNtTiv60liye/GGeRMnnGgLgAWoqlMTfPLMW0D1qJ4bbrPHtme010mpxS3QL4edcDtQseyXSFCnEkuo2MrRw==",
    "dev": true,
    "requires": {
      "source-map": "0.5.7"
      }
    },
    
